
Microsoft Visual Studio Solution File, Format Version 12.00
# Visual Studio 15
VisualStudioVersion = 15.0.27004.2009
MinimumVisualStudioVersion = 10.0.40219.1
Project("{FAE04EC0-301F-11D3-BF4B-00C04F79EFBC}") = "BPlusTree", "BPlusTree\BPlusTree.csproj", "{29C08F44-BAED-4523-8756-3464A6DF94B1}"
EndProject
Project("{FAE04EC0-301F-11D3-BF4B-00C04F79EFBC}") = "DataStructuresUnitTest", "DataStructuresUnitTest\DataStructuresUnitTest.csproj", "{B7F939B4-5140-4DB0-89E2-ECDD67C32876}"
EndProject
Project("{FAE04EC0-301F-11D3-BF4B-00C04F79EFBC}") = "BPlusTreeVisualizer", "BPlusTreeVisualizer\BPlusTreeVisualizer.csproj", "{E4141562-CB06-4416-A6A0-81DDC7C3B844}"
EndProject
Project("{FAE04EC0-301F-11D3-BF4B-00C04F79EFBC}") = "PersonalHealthRecordUI", "PersonalHealthRecordUI\PersonalHealthRecordUI.csproj", "{F35934FC-74B2-4D97-8149-3CC33D45396C}"
EndProject
Project("{FAE04EC0-301F-11D3-BF4B-00C04F79EFBC}") = "PersonalHealthRecord", "PersonalHealthRecord\PersonalHealthRecord.csproj", "{B90B9418-9E11-4F99-A9B2-B9C5422B9434}"
EndProject
Global
	GlobalSection(SolutionConfigurationPlatforms) = preSolution
		Debug|Any CPU = Debug|Any CPU
		Release|Any CPU = Release|Any CPU
	EndGlobalSection
	GlobalSection(ProjectConfigurationPlatforms) = postSolution
		{29C08F44-BAED-4523-8756-3464A6DF94B1}.Debug|Any CPU.ActiveCfg = Debug|Any CPU
		{29C08F44-BAED-4523-8756-3464A6DF94B1}.Debug|Any CPU.Build.0 = Debug|Any CPU
		{29C08F44-BAED-4523-8756-3464A6DF94B1}.Release|Any CPU.ActiveCfg = Release|Any CPU
		{29C08F44-BAED-4523-8756-3464A6DF94B1}.Release|Any CPU.Build.0 = Release|Any CPU
		{B7F939B4-5140-4DB0-89E2-ECDD67C32876}.Debug|Any CPU.ActiveCfg = Debug|Any CPU
		{B7F939B4-5140-4DB0-89E2-ECDD67C32876}.Debug|Any CPU.Build.0 = Debug|Any CPU
		{B7F939B4-5140-4DB0-89E2-ECDD67C32876}.Release|Any CPU.ActiveCfg = Release|Any CPU
		{B7F939B4-5140-4DB0-89E2-ECDD67C32876}.Release|Any CPU.Build.0 = Release|Any CPU
		{E4141562-CB06-4416-A6A0-81DDC7C3B844}.Debug|Any CPU.ActiveCfg = Debug|Any CPU
		{E4141562-CB06-4416-A6A0-81DDC7C3B844}.Debug|Any CPU.Build.0 = Debug|Any CPU
		{E4141562-CB06-4416-A6A0-81DDC7C3B844}.Release|Any CPU.ActiveCfg = Release|Any CPU
		{E4141562-CB06-4416-A6A0-81DDC7C3B844}.Release|Any CPU.Build.0 = Release|Any CPU
	EndGlobalSection
	GlobalSection(SolutionProperties) = preSolution
		HideSolutionNode = FALSE
	EndGlobalSection
	GlobalSection(ExtensibilityGlobals) = postSolution
		SolutionGuid = {5EB6C0D6-CEB0-4739-994F-5DA09F8FEDED}
	EndGlobalSection
EndGlobal
