
Microsoft Visual Studio Solution File, Format Version 12.00
# Visual Studio 15
VisualStudioVersion = 15.0.27004.2010
MinimumVisualStudioVersion = 10.0.40219.1
Project("{FAE04EC0-301F-11D3-BF4B-00C04F79EFBC}") = "ChatLibrary", "ChatLibrary\ChatLibrary.csproj", "{489AC0D9-226F-4EDA-9460-A0B021C01260}"
EndProject
Project("{FAE04EC0-301F-11D3-BF4B-00C04F79EFBC}") = "ChatServer", "ChatServer\ChatServer.csproj", "{9F802794-571C-4C93-BFCF-415FC1034572}"
EndProject
Project("{FAE04EC0-301F-11D3-BF4B-00C04F79EFBC}") = "ChatClient", "ChatClient\ChatClient.csproj", "{B7B8B2C4-D0F3-48B1-B454-C3A0E095A3EA}"
EndProject
Global
	GlobalSection(SolutionConfigurationPlatforms) = preSolution
		Debug|Any CPU = Debug|Any CPU
		Release|Any CPU = Release|Any CPU
	EndGlobalSection
	GlobalSection(ProjectConfigurationPlatforms) = postSolution
		{489AC0D9-226F-4EDA-9460-A0B021C01260}.Debug|Any CPU.ActiveCfg = Debug|Any CPU
		{489AC0D9-226F-4EDA-9460-A0B021C01260}.Debug|Any CPU.Build.0 = Debug|Any CPU
		{489AC0D9-226F-4EDA-9460-A0B021C01260}.Release|Any CPU.ActiveCfg = Release|Any CPU
		{489AC0D9-226F-4EDA-9460-A0B021C01260}.Release|Any CPU.Build.0 = Release|Any CPU
		{9F802794-571C-4C93-BFCF-415FC1034572}.Debug|Any CPU.ActiveCfg = Debug|Any CPU
		{9F802794-571C-4C93-BFCF-415FC1034572}.Debug|Any CPU.Build.0 = Debug|Any CPU
		{9F802794-571C-4C93-BFCF-415FC1034572}.Release|Any CPU.ActiveCfg = Release|Any CPU
		{9F802794-571C-4C93-BFCF-415FC1034572}.Release|Any CPU.Build.0 = Release|Any CPU
		{B7B8B2C4-D0F3-48B1-B454-C3A0E095A3EA}.Debug|Any CPU.ActiveCfg = Debug|Any CPU
		{B7B8B2C4-D0F3-48B1-B454-C3A0E095A3EA}.Debug|Any CPU.Build.0 = Debug|Any CPU
		{B7B8B2C4-D0F3-48B1-B454-C3A0E095A3EA}.Release|Any CPU.ActiveCfg = Release|Any CPU
		{B7B8B2C4-D0F3-48B1-B454-C3A0E095A3EA}.Release|Any CPU.Build.0 = Release|Any CPU
	EndGlobalSection
	GlobalSection(SolutionProperties) = preSolution
		HideSolutionNode = FALSE
	EndGlobalSection
	GlobalSection(ExtensibilityGlobals) = postSolution
		SolutionGuid = {201EB36F-35DD-4DF4-839C-CBD6B4D86A05}
	EndGlobalSection
EndGlobal
